
Microsoft Visual Studio Solution File, Format Version 12.00
Project("{FAE04EC0-301F-11D3-BF4B-00C04F79EFBC}") = "LearnCSharp", "LearnCSharp\LearnCSharp.csproj", "{81F98628-192E-495B-92DA-0AAF4451A899}"
EndProject
Global
	GlobalSection(SolutionConfigurationPlatforms) = preSolution
		Debug|Any CPU = Debug|Any CPU
		Release|Any CPU = Release|Any CPU
	EndGlobalSection
	GlobalSection(ProjectConfigurationPlatforms) = postSolution
		{81F98628-192E-495B-92DA-0AAF4451A899}.Debug|Any CPU.ActiveCfg = Debug|Any CPU
		{81F98628-192E-495B-92DA-0AAF4451A899}.Debug|Any CPU.Build.0 = Debug|Any CPU
		{81F98628-192E-495B-92DA-0AAF4451A899}.Release|Any CPU.ActiveCfg = Release|Any CPU
		{81F98628-192E-495B-92DA-0AAF4451A899}.Release|Any CPU.Build.0 = Release|Any CPU
	EndGlobalSection
EndGlobal
